{
  "name": "mailchimp-client",
  "version": "0.0.4",
  "dependencies": {
    "assertion-error": {
      "version": "1.0.1",
      "from": "assertion-error@>=1.0.1 <2.0.0",
      "resolved": "https://registry.npmjs.org/assertion-error/-/assertion-error-1.0.1.tgz"
    },
    "bluebird": {
      "version": "3.4.0",
      "from": "bluebird@>=3.4.0 <4.0.0",
      "resolved": "https://registry.npmjs.org/bluebird/-/bluebird-3.4.0.tgz"
    },
    "capture-stack-trace": {
      "version": "1.0.0",
      "from": "capture-stack-trace@>=1.0.0 <2.0.0",
      "resolved": "https://registry.npmjs.org/capture-stack-trace/-/capture-stack-trace-1.0.0.tgz"
    },
    "chai": {
      "version": "3.5.0",
      "from": "chai@>=1.9.2 <4.0.0",
      "resolved": "https://registry.npmjs.org/chai/-/chai-3.5.0.tgz"
    },
    "commander": {
      "version": "2.3.0",
      "from": "commander@2.3.0",
      "resolved": "https://registry.npmjs.org/commander/-/commander-2.3.0.tgz"
    },
    "create-error-class": {
      "version": "3.0.2",
      "from": "create-error-class@>=3.0.0 <4.0.0",
      "resolved": "https://registry.npmjs.org/create-error-class/-/create-error-class-3.0.2.tgz"
    },
    "debug": {
      "version": "2.2.0",
      "from": "debug@2.2.0",
      "resolved": "https://registry.npmjs.org/debug/-/debug-2.2.0.tgz"
    },
    "deep-eql": {
      "version": "0.1.3",
      "from": "deep-eql@>=0.1.3 <0.2.0",
      "resolved": "https://registry.npmjs.org/deep-eql/-/deep-eql-0.1.3.tgz",
      "dependencies": {
        "type-detect": {
          "version": "0.1.1",
          "from": "type-detect@0.1.1",
          "resolved": "https://registry.npmjs.org/type-detect/-/type-detect-0.1.1.tgz"
        }
      }
    },
    "deep-equal": {
      "version": "1.0.1",
      "from": "deep-equal@>=1.0.0 <2.0.0",
      "resolved": "https://registry.npmjs.org/deep-equal/-/deep-equal-1.0.1.tgz"
    },
    "diff": {
      "version": "1.4.0",
      "from": "diff@1.4.0",
      "resolved": "https://registry.npmjs.org/diff/-/diff-1.4.0.tgz"
    },
    "duplexer3": {
      "version": "0.1.4",
      "from": "duplexer3@>=0.1.4 <0.2.0",
      "resolved": "https://registry.npmjs.org/duplexer3/-/duplexer3-0.1.4.tgz"
    },
    "escape-string-regexp": {
      "version": "1.0.2",
      "from": "escape-string-regexp@1.0.2",
      "resolved": "https://registry.npmjs.org/escape-string-regexp/-/escape-string-regexp-1.0.2.tgz"
    },
    "expect.js": {
      "version": "0.3.1",
      "from": "expect.js@>=0.3.1 <0.4.0",
      "resolved": "https://registry.npmjs.org/expect.js/-/expect.js-0.3.1.tgz"
    },
    "get-stream": {
      "version": "1.1.0",
      "from": "get-stream@>=1.1.0 <2.0.0",
      "resolved": "https://registry.npmjs.org/get-stream/-/get-stream-1.1.0.tgz"
    },
    "glob": {
      "version": "3.2.11",
      "from": "glob@3.2.11",
      "resolved": "https://registry.npmjs.org/glob/-/glob-3.2.11.tgz"
    },
    "got": {
      "version": "6.3.0",
      "from": "got@>=6.3.0 <7.0.0",
      "resolved": "https://registry.npmjs.org/got/-/got-6.3.0.tgz"
    },
    "growl": {
      "version": "1.9.2",
      "from": "growl@1.9.2",
      "resolved": "https://registry.npmjs.org/growl/-/growl-1.9.2.tgz"
    },
    "inherits": {
      "version": "2.0.1",
      "from": "inherits@>=2.0.0 <3.0.0",
      "resolved": "https://registry.npmjs.org/inherits/-/inherits-2.0.1.tgz"
    },
    "is-plain-obj": {
      "version": "1.1.0",
      "from": "is-plain-obj@>=1.0.0 <2.0.0",
      "resolved": "https://registry.npmjs.org/is-plain-obj/-/is-plain-obj-1.1.0.tgz"
    },
    "is-redirect": {
      "version": "1.0.0",
      "from": "is-redirect@>=1.0.0 <2.0.0",
      "resolved": "https://registry.npmjs.org/is-redirect/-/is-redirect-1.0.0.tgz"
    },
    "is-retry-allowed": {
      "version": "1.0.0",
      "from": "is-retry-allowed@>=1.0.0 <2.0.0",
      "resolved": "https://registry.npmjs.org/is-retry-allowed/-/is-retry-allowed-1.0.0.tgz"
    },
    "is-stream": {
      "version": "1.1.0",
      "from": "is-stream@>=1.0.0 <2.0.0",
      "resolved": "https://registry.npmjs.org/is-stream/-/is-stream-1.1.0.tgz"
    },
    "jade": {
      "version": "0.26.3",
      "from": "jade@0.26.3",
      "resolved": "https://registry.npmjs.org/jade/-/jade-0.26.3.tgz",
      "dependencies": {
        "commander": {
          "version": "0.6.1",
          "from": "commander@0.6.1",
          "resolved": "https://registry.npmjs.org/commander/-/commander-0.6.1.tgz"
        },
        "mkdirp": {
          "version": "0.3.0",
          "from": "mkdirp@0.3.0",
          "resolved": "https://registry.npmjs.org/mkdirp/-/mkdirp-0.3.0.tgz"
        }
      }
    },
    "json-stringify-safe": {
      "version": "5.0.1",
      "from": "json-stringify-safe@>=5.0.1 <6.0.0",
      "resolved": "https://registry.npmjs.org/json-stringify-safe/-/json-stringify-safe-5.0.1.tgz"
    },
    "lodash": {
      "version": "4.13.1",
      "from": "lodash@>=4.8.2 <5.0.0",
      "resolved": "https://registry.npmjs.org/lodash/-/lodash-4.13.1.tgz"
    },
    "lowercase-keys": {
      "version": "1.0.0",
      "from": "lowercase-keys@>=1.0.0 <2.0.0",
      "resolved": "https://registry.npmjs.org/lowercase-keys/-/lowercase-keys-1.0.0.tgz"
    },
    "lru-cache": {
      "version": "2.7.3",
      "from": "lru-cache@>=2.0.0 <3.0.0",
      "resolved": "https://registry.npmjs.org/lru-cache/-/lru-cache-2.7.3.tgz"
    },
    "minimatch": {
      "version": "0.3.0",
      "from": "minimatch@>=0.3.0 <0.4.0",
      "resolved": "https://registry.npmjs.org/minimatch/-/minimatch-0.3.0.tgz"
    },
    "minimist": {
      "version": "0.0.8",
      "from": "minimist@0.0.8",
      "resolved": "https://registry.npmjs.org/minimist/-/minimist-0.0.8.tgz"
    },
    "mkdirp": {
      "version": "0.5.1",
      "from": "mkdirp@0.5.1",
      "resolved": "https://registry.npmjs.org/mkdirp/-/mkdirp-0.5.1.tgz"
    },
    "mocha": {
      "version": "2.5.3",
      "from": "mocha@>=2.5.3 <3.0.0",
      "resolved": "https://registry.npmjs.org/mocha/-/mocha-2.5.3.tgz"
    },
    "ms": {
      "version": "0.7.1",
      "from": "ms@0.7.1",
      "resolved": "https://registry.npmjs.org/ms/-/ms-0.7.1.tgz"
    },
    "nock": {
      "version": "8.0.0",
      "from": "nock@>=8.0.0 <9.0.0",
      "resolved": "https://registry.npmjs.org/nock/-/nock-8.0.0.tgz"
    },
    "node-status-codes": {
      "version": "2.0.0",
      "from": "node-status-codes@>=2.0.0 <3.0.0",
      "resolved": "https://registry.npmjs.org/node-status-codes/-/node-status-codes-2.0.0.tgz"
    },
    "prepend-http": {
      "version": "1.0.4",
      "from": "prepend-http@>=1.0.1 <2.0.0",
      "resolved": "https://registry.npmjs.org/prepend-http/-/prepend-http-1.0.4.tgz"
    },
    "propagate": {
      "version": "0.4.0",
      "from": "propagate@0.4.0",
      "resolved": "https://registry.npmjs.org/propagate/-/propagate-0.4.0.tgz"
    },
    "qs": {
      "version": "6.2.0",
      "from": "qs@>=6.0.2 <7.0.0",
      "resolved": "https://registry.npmjs.org/qs/-/qs-6.2.0.tgz"
    },
    "sigmund": {
      "version": "1.0.1",
      "from": "sigmund@>=1.0.0 <1.1.0",
      "resolved": "https://registry.npmjs.org/sigmund/-/sigmund-1.0.1.tgz"
    },
    "supports-color": {
      "version": "1.2.0",
      "from": "supports-color@1.2.0",
      "resolved": "https://registry.npmjs.org/supports-color/-/supports-color-1.2.0.tgz"
    },
    "timed-out": {
      "version": "2.0.0",
      "from": "timed-out@>=2.0.0 <3.0.0",
      "resolved": "https://registry.npmjs.org/timed-out/-/timed-out-2.0.0.tgz"
    },
    "to-iso-string": {
      "version": "0.0.2",
      "from": "to-iso-string@0.0.2",
      "resolved": "https://registry.npmjs.org/to-iso-string/-/to-iso-string-0.0.2.tgz"
    },
    "type-detect": {
      "version": "1.0.0",
      "from": "type-detect@>=1.0.0 <2.0.0",
      "resolved": "https://registry.npmjs.org/type-detect/-/type-detect-1.0.0.tgz"
    },
    "unzip-response": {
      "version": "1.0.0",
      "from": "unzip-response@>=1.0.0 <2.0.0",
      "resolved": "https://registry.npmjs.org/unzip-response/-/unzip-response-1.0.0.tgz"
    },
    "url-parse-lax": {
      "version": "1.0.0",
      "from": "url-parse-lax@>=1.0.0 <2.0.0",
      "resolved": "https://registry.npmjs.org/url-parse-lax/-/url-parse-lax-1.0.0.tgz"
    }
  }
}
